
Microsoft Visual Studio Solution File, Format Version 12.00
# Visual Studio Version 16
VisualStudioVersion = 16.0.32106.194
MinimumVisualStudioVersion = 10.0.40219.1
Project("{FAE04EC0-301F-11D3-BF4B-00C04F79EFBC}") = "JogoDeRpg", "JogoDeRpg\JogoDeRpg.csproj", "{DECC8557-7ECA-4C5F-AAE5-A0441CD37ED7}"
EndProject
Global
	GlobalSection(SolutionConfigurationPlatforms) = preSolution
		Debug|Any CPU = Debug|Any CPU
		Release|Any CPU = Release|Any CPU
	EndGlobalSection
	GlobalSection(ProjectConfigurationPlatforms) = postSolution
		{DECC8557-7ECA-4C5F-AAE5-A0441CD37ED7}.Debug|Any CPU.ActiveCfg = Debug|Any CPU
		{DECC8557-7ECA-4C5F-AAE5-A0441CD37ED7}.Debug|Any CPU.Build.0 = Debug|Any CPU
		{DECC8557-7ECA-4C5F-AAE5-A0441CD37ED7}.Release|Any CPU.ActiveCfg = Release|Any CPU
		{DECC8557-7ECA-4C5F-AAE5-A0441CD37ED7}.Release|Any CPU.Build.0 = Release|Any CPU
	EndGlobalSection
	GlobalSection(SolutionProperties) = preSolution
		HideSolutionNode = FALSE
	EndGlobalSection
	GlobalSection(ExtensibilityGlobals) = postSolution
		SolutionGuid = {0458D1CF-5702-4D07-A9D3-C9F97EC2E9D2}
	EndGlobalSection
EndGlobal
